
Microsoft Visual Studio Solution File, Format Version 12.00
# Visual Studio Version 16
VisualStudioVersion = 16.0.29519.181
MinimumVisualStudioVersion = 10.0.40219.1
Project("{2150E333-8FDC-42A3-9474-1A3956D46DE8}") = "1 Source", "1 Source", "{1A2CEDDB-A8F3-41A4-92CB-3D8CBAC9100F}"
EndProject
Project("{2150E333-8FDC-42A3-9474-1A3956D46DE8}") = "2 Tests", "2 Tests", "{887D73DE-7BE6-41C7-BF74-40410AF4757C}"
	ProjectSection(SolutionItems) = preProject
		Tests\CodeCoverage.runsettings = Tests\CodeCoverage.runsettings
	EndProjectSection
EndProject
Project("{2150E333-8FDC-42A3-9474-1A3956D46DE8}") = "3 Scripts", "3 Scripts", "{A4B512F9-CFE5-47E8-A5E9-8F96202861A9}"
	ProjectSection(SolutionItems) = preProject
		Scripts\PackagePrerelease.ps1 = Scripts\PackagePrerelease.ps1
		Scripts\Publish.yml = Scripts\Publish.yml
		Scripts\Test.yml = Scripts\Test.yml
	EndProjectSection
EndProject
Project("{9A19103F-16F7-4668-BE54-9A1E7A4F7556}") = "DickinsonBros.Logger.Abstractions", "Source\DickinsonBros.Logger.Abstractions\DickinsonBros.Logger.Abstractions.csproj", "{B6CC106E-2D71-4DDF-A212-8F817DC5842E}"
EndProject
Project("{9A19103F-16F7-4668-BE54-9A1E7A4F7556}") = "DickinsonBros.Logger.Abstractions.Tests", "Tests\DickinsonBros.Logger.Abstractions.Tests\DickinsonBros.Logger.Abstractions.Tests.csproj", "{19E6840F-B656-49CF-AC85-D513E40F43F8}"
EndProject
Global
	GlobalSection(SolutionConfigurationPlatforms) = preSolution
		Debug|Any CPU = Debug|Any CPU
		Release|Any CPU = Release|Any CPU
	EndGlobalSection
	GlobalSection(ProjectConfigurationPlatforms) = postSolution
		{B6CC106E-2D71-4DDF-A212-8F817DC5842E}.Debug|Any CPU.ActiveCfg = Debug|Any CPU
		{B6CC106E-2D71-4DDF-A212-8F817DC5842E}.Debug|Any CPU.Build.0 = Debug|Any CPU
		{B6CC106E-2D71-4DDF-A212-8F817DC5842E}.Release|Any CPU.ActiveCfg = Release|Any CPU
		{B6CC106E-2D71-4DDF-A212-8F817DC5842E}.Release|Any CPU.Build.0 = Release|Any CPU
		{19E6840F-B656-49CF-AC85-D513E40F43F8}.Debug|Any CPU.ActiveCfg = Debug|Any CPU
		{19E6840F-B656-49CF-AC85-D513E40F43F8}.Debug|Any CPU.Build.0 = Debug|Any CPU
		{19E6840F-B656-49CF-AC85-D513E40F43F8}.Release|Any CPU.ActiveCfg = Release|Any CPU
		{19E6840F-B656-49CF-AC85-D513E40F43F8}.Release|Any CPU.Build.0 = Release|Any CPU
	EndGlobalSection
	GlobalSection(SolutionProperties) = preSolution
		HideSolutionNode = FALSE
	EndGlobalSection
	GlobalSection(NestedProjects) = preSolution
		{B6CC106E-2D71-4DDF-A212-8F817DC5842E} = {1A2CEDDB-A8F3-41A4-92CB-3D8CBAC9100F}
		{19E6840F-B656-49CF-AC85-D513E40F43F8} = {887D73DE-7BE6-41C7-BF74-40410AF4757C}
	EndGlobalSection
	GlobalSection(ExtensibilityGlobals) = postSolution
		SolutionGuid = {870AFC15-3E7A-49CC-AF38-BEE668B1C455}
	EndGlobalSection
EndGlobal
